// !$*UTF8*$!
{
	archiveVersion = 1;
	classes = {
	};
	objectVersion = 55;
	objects = {

/* Begin PBXBuildFile section */
		3F416F2F29E67B7C002E0A5D /* MyTetrisApp.swift in Sources */ = {isa = PBXBuildFile; fileRef = 3F416F2E29E67B7C002E0A5D /* MyTetrisApp.swift */; };
		3F416F3129E67B7C002E0A5D /* ContentView.swift in Sources */ = {isa = PBXBuildFile; fileRef = 3F416F3029E67B7C002E0A5D /* ContentView.swift */; };
		3F416F3329E67B7D002E0A5D /* Assets.xcassets in Resources */ = {isa = PBXBuildFile; fileRef = 3F416F3229E67B7D002E0A5D /* Assets.xcassets */; };
		3F416F3629E67B7D002E0A5D /* Preview Assets.xcassets in Resources */ = {isa = PBXBuildFile; fileRef = 3F416F3529E67B7D002E0A5D /* Preview Assets.xcassets */; };
		3F416F4029E67BC2002E0A5D /* TetrisGameViewModel.swift in Sources */ = {isa = PBXBuildFile; fileRef = 3F416F3F29E67BC2002E0A5D /* TetrisGameViewModel.swift */; };
		3F416F4229E67BD6002E0A5D /* Color.swift in Sources */ = {isa = PBXBuildFile; fileRef = 3F416F4129E67BD6002E0A5D /* Color.swift */; };
		3F416F4429E67BEC002E0A5D /* TetrisGameView.swift in Sources */ = {isa = PBXBuildFile; fileRef = 3F416F4329E67BEC002E0A5D /* TetrisGameView.swift */; };
		3F416F4729E67E70002E0A5D /* TetrisGameModel.swift in Sources */ = {isa = PBXBuildFile; fileRef = 3F416F4629E67E70002E0A5D /* TetrisGameModel.swift */; };
/* End PBXBuildFile section */

/* Begin PBXFileReference section */
		3F416F2B29E67B7C002E0A5D /* MyTetris.app */ = {isa = PBXFileReference; explicitFileType = wrapper.application; includeInIndex = 0; path = MyTetris.app; sourceTree = BUILT_PRODUCTS_DIR; };
		3F416F2E29E67B7C002E0A5D /* MyTetrisApp.swift */ = {isa = PBXFileReference; lastKnownFileType = sourcecode.swift; path = MyTetrisApp.swift; sourceTree = "<group>"; };
		3F416F3029E67B7C002E0A5D /* ContentView.swift */ = {isa = PBXFileReference; lastKnownFileType = sourcecode.swift; path = ContentView.swift; sourceTree = "<group>"; };
		3F416F3229E67B7D002E0A5D /* Assets.xcassets */ = {isa = PBXFileReference; lastKnownFileType = folder.assetcatalog; path = Assets.xcassets; sourceTree = "<group>"; };
		3F416F3529E67B7D002E0A5D /* Preview Assets.xcassets */ = {isa = PBXFileReference; lastKnownFileType = folder.assetcatalog; path = "Preview Assets.xcassets"; sourceTree = "<group>"; };
		3F416F3F29E67BC2002E0A5D /* TetrisGameViewModel.swift */ = {isa = PBXFileReference; lastKnownFileType = sourcecode.swift; path = TetrisGameViewModel.swift; sourceTree = "<group>"; };
		3F416F4129E67BD6002E0A5D /* Color.swift */ = {isa = PBXFileReference; lastKnownFileType = sourcecode.swift; path = Color.swift; sourceTree = "<group>"; };
		3F416F4329E67BEC002E0A5D /* TetrisGameView.swift */ = {isa = PBXFileReference; lastKnownFileType = sourcecode.swift; path = TetrisGameView.swift; sourceTree = "<group>"; };
		3F416F4629E67E70002E0A5D /* TetrisGameModel.swift */ = {isa = PBXFileReference; lastKnownFileType = sourcecode.swift; path = TetrisGameModel.swift; sourceTree = "<group>"; };
/* End PBXFileReference section */

/* Begin PBXFrameworksBuildPhase section */
		3F416F2829E67B7C002E0A5D /* Frameworks */ = {
			isa = PBXFrameworksBuildPhase;
			buildActionMask = 2147483647;
			files = (
			);
			runOnlyForDeploymentPostprocessing = 0;
		};
/* End PBXFrameworksBuildPhase section */

/* Begin PBXGroup section */
		3F416F2229E67B7C002E0A5D = {
			isa = PBXGroup;
			children = (
				3F416F2D29E67B7C002E0A5D /* MyTetris */,
				3F416F2C29E67B7C002E0A5D /* Products */,
			);
			sourceTree = "<group>";
		};
		3F416F2C29E67B7C002E0A5D /* Products */ = {
			isa = PBXGroup;
			children = (
				3F416F2B29E67B7C002E0A5D /* MyTetris.app */,
			);
			name = Products;
			sourceTree = "<group>";
		};
		3F416F2D29E67B7C002E0A5D /* MyTetris */ = {
			isa = PBXGroup;
			children = (
				3F416F4529E67E5D002E0A5D /* Model */,
				3F416F3E29E67B9A002E0A5D /* View */,
				3F416F3D29E67B93002E0A5D /* Extension */,
				3F416F3C29E67B8A002E0A5D /* ViewModel */,
				3F416F2E29E67B7C002E0A5D /* MyTetrisApp.swift */,
				3F416F3029E67B7C002E0A5D /* ContentView.swift */,
				3F416F3229E67B7D002E0A5D /* Assets.xcassets */,
				3F416F3429E67B7D002E0A5D /* Preview Content */,
			);
			path = MyTetris;
			sourceTree = "<group>";
		};
		3F416F3429E67B7D002E0A5D /* Preview Content */ = {
			isa = PBXGroup;
			children = (
				3F416F3529E67B7D002E0A5D /* Preview Assets.xcassets */,
			);
			path = "Preview Content";
			sourceTree = "<group>";
		};
		3F416F3C29E67B8A002E0A5D /* ViewModel */ = {
			isa = PBXGroup;
			children = (
				3F416F3F29E67BC2002E0A5D /* TetrisGameViewModel.swift */,
			);
			path = ViewModel;
			sourceTree = "<group>";
		};
		3F416F3D29E67B93002E0A5D /* Extension */ = {
			isa = PBXGroup;
			children = (
				3F416F4129E67BD6002E0A5D /* Color.swift */,
			);
			path = Extension;
			sourceTree = "<group>";
		};
		3F416F3E29E67B9A002E0A5D /* View */ = {
			isa = PBXGroup;
			children = (
				3F416F4329E67BEC002E0A5D /* TetrisGameView.swift */,
			);
			path = View;
			sourceTree = "<group>";
		};
		3F416F4529E67E5D002E0A5D /* Model */ = {
			isa = PBXGroup;
			children = (
				3F416F4629E67E70002E0A5D /* TetrisGameModel.swift */,
			);
			path = Model;
			sourceTree = "<group>";
		};
/* End PBXGroup section */

/* Begin PBXNativeTarget section */
		3F416F2A29E67B7C002E0A5D /* MyTetris */ = {
			isa = PBXNativeTarget;
			buildConfigurationList = 3F416F3929E67B7D002E0A5D /* Build configuration list for PBXNativeTarget "MyTetris" */;
			buildPhases = (
				3F416F2729E67B7C002E0A5D /* Sources */,
				3F416F2829E67B7C002E0A5D /* Frameworks */,
				3F416F2929E67B7C002E0A5D /* Resources */,
			);
			buildRules = (
			);
			dependencies = (
			);
			name = MyTetris;
			productName = MyTetris;
			productReference = 3F416F2B29E67B7C002E0A5D /* MyTetris.app */;
			productType = "com.apple.product-type.application";
		};
/* End PBXNativeTarget section */

/* Begin PBXProject section */
		3F416F2329E67B7C002E0A5D /* Project object */ = {
			isa = PBXProject;
			attributes = {
				BuildIndependentTargetsInParallel = 1;
				LastSwiftUpdateCheck = 1340;
				LastUpgradeCheck = 1340;
				TargetAttributes = {
					3F416F2A29E67B7C002E0A5D = {
						CreatedOnToolsVersion = 13.4.1;
					};
				};
			};
			buildConfigurationList = 3F416F2629E67B7C002E0A5D /* Build configuration list for PBXProject "MyTetris" */;
			compatibilityVersion = "Xcode 13.0";
			developmentRegion = en;
			hasScannedForEncodings = 0;
			knownRegions = (
				en,
				Base,
			);
			mainGroup = 3F416F2229E67B7C002E0A5D;
			productRefGroup = 3F416F2C29E67B7C002E0A5D /* Products */;
			projectDirPath = "";
			projectRoot = "";
			targets = (
				3F416F2A29E67B7C002E0A5D /* MyTetris */,
			);
		};
/* End PBXProject section */

/* Begin PBXResourcesBuildPhase section */
		3F416F2929E67B7C002E0A5D /* Resources */ = {
			isa = PBXResourcesBuildPhase;
			buildActionMask = 2147483647;
			files = (
				3F416F3629E67B7D002E0A5D /* Preview Assets.xcassets in Resources */,
				3F416F3329E67B7D002E0A5D /* Assets.xcassets in Resources */,
			);
			runOnlyForDeploymentPostprocessing = 0;
		};
/* End PBXResourcesBuildPhase section */

/* Begin PBXSourcesBuildPhase section */
		3F416F2729E67B7C002E0A5D /* Sources */ = {
			isa = PBXSourcesBuildPhase;
			buildActionMask = 2147483647;
			files = (
				3F416F3129E67B7C002E0A5D /* ContentView.swift in Sources */,
				3F416F4429E67BEC002E0A5D /* TetrisGameView.swift in Sources */,
				3F416F4729E67E70002E0A5D /* TetrisGameModel.swift in Sources */,
				3F416F4229E67BD6002E0A5D /* Color.swift in Sources */,
				3F416F2F29E67B7C002E0A5D /* MyTetrisApp.swift in Sources */,
				3F416F4029E67BC2002E0A5D /* TetrisGameViewModel.swift in Sources */,
			);
			runOnlyForDeploymentPostprocessing = 0;
		};
/* End PBXSourcesBuildPhase section */

/* Begin XCBuildConfiguration section */
		3F416F3729E67B7D002E0A5D /* Debug */ = {
			isa = XCBuildConfiguration;
			buildSettings = {
				ALWAYS_SEARCH_USER_PATHS = NO;
				CLANG_ANALYZER_NONNULL = YES;
				CLANG_ANALYZER_NUMBER_OBJECT_CONVERSION = YES_AGGRESSIVE;
				CLANG_CXX_LANGUAGE_STANDARD = "gnu++17";
				CLANG_ENABLE_MODULES = YES;
				CLANG_ENABLE_OBJC_ARC = YES;
				CLANG_ENABLE_OBJC_WEAK = YES;
				CLANG_WARN_BLOCK_CAPTURE_AUTORELEASING = YES;
				CLANG_WARN_BOOL_CONVERSION = YES;
				CLANG_WARN_COMMA = YES;
				CLANG_WARN_CONSTANT_CONVERSION = YES;
				CLANG_WARN_DEPRECATED_OBJC_IMPLEMENTATIONS = YES;
				CLANG_WARN_DIRECT_OBJC_ISA_USAGE = YES_ERROR;
				CLANG_WARN_DOCUMENTATION_COMMENTS = YES;
				CLANG_WARN_EMPTY_BODY = YES;
				CLANG_WARN_ENUM_CONVERSION = YES;
				CLANG_WARN_INFINITE_RECURSION = YES;
				CLANG_WARN_INT_CONVERSION = YES;
				CLANG_WARN_NON_LITERAL_NULL_CONVERSION = YES;
				CLANG_WARN_OBJC_IMPLICIT_RETAIN_SELF = YES;
				CLANG_WARN_OBJC_LITERAL_CONVERSION = YES;
				CLANG_WARN_OBJC_ROOT_CLASS = YES_ERROR;
				CLANG_WARN_QUOTED_INCLUDE_IN_FRAMEWORK_HEADER = YES;
				CLANG_WARN_RANGE_LOOP_ANALYSIS = YES;
				CLANG_WARN_STRICT_PROTOTYPES = YES;
				CLANG_WARN_SUSPICIOUS_MOVE = YES;
				CLANG_WARN_UNGUARDED_AVAILABILITY = YES_AGGRESSIVE;
				CLANG_WARN_UNREACHABLE_CODE = YES;
				CLANG_WARN__DUPLICATE_METHOD_MATCH = YES;
				COPY_PHASE_STRIP = NO;
				DEBUG_INFORMATION_FORMAT = dwarf;
				ENABLE_STRICT_OBJC_MSGSEND = YES;
				ENABLE_TESTABILITY = YES;
				GCC_C_LANGUAGE_STANDARD = gnu11;
				GCC_DYNAMIC_NO_PIC = NO;
				GCC_NO_COMMON_BLOCKS = YES;
				GCC_OPTIMIZATION_LEVEL = 0;
				GCC_PREPROCESSOR_DEFINITIONS = (
					"DEBUG=1",
					"$(inherited)",
				);
				GCC_WARN_64_TO_32_BIT_CONVERSION = YES;
				GCC_WARN_ABOUT_RETURN_TYPE = YES_ERROR;
				GCC_WARN_UNDECLARED_SELECTOR = YES;
				GCC_WARN_UNINITIALIZED_AUTOS = YES_AGGRESSIVE;
				GCC_WARN_UNUSED_FUNCTION = YES;
				GCC_WARN_UNUSED_VARIABLE = YES;
				IPHONEOS_DEPLOYMENT_TARGET = 15.5;
				MTL_ENABLE_DEBUG_INFO = INCLUDE_SOURCE;
				MTL_FAST_MATH = YES;
				ONLY_ACTIVE_ARCH = YES;
				SDKROOT = iphoneos;
				SWIFT_ACTIVE_COMPILATION_CONDITIONS = DEBUG;
				SWIFT_OPTIMIZATION_LEVEL = "-Onone";
			};
			name = Debug;
		};
		3F416F3829E67B7D002E0A5D /* Release */ = {
			isa = XCBuildConfiguration;
			buildSettings = {
				ALWAYS_SEARCH_USER_PATHS = NO;
				CLANG_ANALYZER_NONNULL = YES;
				CLANG_ANALYZER_NUMBER_OBJECT_CONVERSION = YES_AGGRESSIVE;
				CLANG_CXX_LANGUAGE_STANDARD = "gnu++17";
				CLANG_ENABLE_MODULES = YES;
				CLANG_ENABLE_OBJC_ARC = YES;
				CLANG_ENABLE_OBJC_WEAK = YES;
				CLANG_WARN_BLOCK_CAPTURE_AUTORELEASING = YES;
				CLANG_WARN_BOOL_CONVERSION = YES;
				CLANG_WARN_COMMA = YES;
				CLANG_WARN_CONSTANT_CONVERSION = YES;
				CLANG_WARN_DEPRECATED_OBJC_IMPLEMENTATIONS = YES;
				CLANG_WARN_DIRECT_OBJC_ISA_USAGE = YES_ERROR;
				CLANG_WARN_DOCUMENTATION_COMMENTS = YES;
				CLANG_WARN_EMPTY_BODY = YES;
				CLANG_WARN_ENUM_CONVERSION = YES;
				CLANG_WARN_INFINITE_RECURSION = YES;
				CLANG_WARN_INT_CONVERSION = YES;
				CLANG_WARN_NON_LITERAL_NULL_CONVERSION = YES;
				CLANG_WARN_OBJC_IMPLICIT_RETAIN_SELF = YES;
				CLANG_WARN_OBJC_LITERAL_CONVERSION = YES;
				CLANG_WARN_OBJC_ROOT_CLASS = YES_ERROR;
				CLANG_WARN_QUOTED_INCLUDE_IN_FRAMEWORK_HEADER = YES;
				CLANG_WARN_RANGE_LOOP_ANALYSIS = YES;
				CLANG_WARN_STRICT_PROTOTYPES = YES;
				CLANG_WARN_SUSPICIOUS_MOVE = YES;
				CLANG_WARN_UNGUARDED_AVAILABILITY = YES_AGGRESSIVE;
				CLANG_WARN_UNREACHABLE_CODE = YES;
				CLANG_WARN__DUPLICATE_METHOD_MATCH = YES;
				COPY_PHASE_STRIP = NO;
				DEBUG_INFORMATION_FORMAT = "dwarf-with-dsym";
				ENABLE_NS_ASSERTIONS = NO;
				ENABLE_STRICT_OBJC_MSGSEND = YES;
				GCC_C_LANGUAGE_STANDARD = gnu11;
				GCC_NO_COMMON_BLOCKS = YES;
				GCC_WARN_64_TO_32_BIT_CONVERSION = YES;
				GCC_WARN_ABOUT_RETURN_TYPE = YES_ERROR;
				GCC_WARN_UNDECLARED_SELECTOR = YES;
				GCC_WARN_UNINITIALIZED_AUTOS = YES_AGGRESSIVE;
				GCC_WARN_UNUSED_FUNCTION = YES;
				GCC_WARN_UNUSED_VARIABLE = YES;
				IPHONEOS_DEPLOYMENT_TARGET = 15.5;
				MTL_ENABLE_DEBUG_INFO = NO;
				MTL_FAST_MATH = YES;
				SDKROOT = iphoneos;
				SWIFT_COMPILATION_MODE = wholemodule;
				SWIFT_OPTIMIZATION_LEVEL = "-O";
				VALIDATE_PRODUCT = YES;
			};
			name = Release;
		};
		3F416F3A29E67B7D002E0A5D /* Debug */ = {
			isa = XCBuildConfiguration;
			buildSettings = {
				ASSETCATALOG_COMPILER_APPICON_NAME = AppIcon;
				ASSETCATALOG_COMPILER_GLOBAL_ACCENT_COLOR_NAME = AccentColor;
				CODE_SIGN_STYLE = Automatic;
				CURRENT_PROJECT_VERSION = 1;
				DEVELOPMENT_ASSET_PATHS = "\"MyTetris/Preview Content\"";
				ENABLE_PREVIEWS = YES;
				GENERATE_INFOPLIST_FILE = YES;
				INFOPLIST_KEY_UIApplicationSceneManifest_Generation = YES;
				INFOPLIST_KEY_UIApplicationSupportsIndirectInputEvents = YES;
				INFOPLIST_KEY_UILaunchScreen_Generation = YES;
				INFOPLIST_KEY_UISupportedInterfaceOrientations_iPad = "UIInterfaceOrientationPortrait UIInterfaceOrientationPortraitUpsideDown UIInterfaceOrientationLandscapeLeft UIInterfaceOrientationLandscapeRight";
				INFOPLIST_KEY_UISupportedInterfaceOrientations_iPhone = "UIInterfaceOrientationPortrait UIInterfaceOrientationLandscapeLeft UIInterfaceOrientationLandscapeRight";
				LD_RUNPATH_SEARCH_PATHS = (
					"$(inherited)",
					"@executable_path/Frameworks",
				);
				MARKETING_VERSION = 1.0;
				PRODUCT_BUNDLE_IDENTIFIER = cosc.MyTetris;
				PRODUCT_NAME = "$(TARGET_NAME)";
				SWIFT_EMIT_LOC_STRINGS = YES;
				SWIFT_VERSION = 5.0;
				TARGETED_DEVICE_FAMILY = "1,2";
			};
			name = Debug;
		};
		3F416F3B29E67B7D002E0A5D /* Release */ = {
			isa = XCBuildConfiguration;
			buildSettings = {
				ASSETCATALOG_COMPILER_APPICON_NAME = AppIcon;
				ASSETCATALOG_COMPILER_GLOBAL_ACCENT_COLOR_NAME = AccentColor;
				CODE_SIGN_STYLE = Automatic;
				CURRENT_PROJECT_VERSION = 1;
				DEVELOPMENT_ASSET_PATHS = "\"MyTetris/Preview Content\"";
				ENABLE_PREVIEWS = YES;
				GENERATE_INFOPLIST_FILE = YES;
				INFOPLIST_KEY_UIApplicationSceneManifest_Generation = YES;
				INFOPLIST_KEY_UIApplicationSupportsIndirectInputEvents = YES;
				INFOPLIST_KEY_UILaunchScreen_Generation = YES;
				INFOPLIST_KEY_UISupportedInterfaceOrientations_iPad = "UIInterfaceOrientationPortrait UIInterfaceOrientationPortraitUpsideDown UIInterfaceOrientationLandscapeLeft UIInterfaceOrientationLandscapeRight";
				INFOPLIST_KEY_UISupportedInterfaceOrientations_iPhone = "UIInterfaceOrientationPortrait UIInterfaceOrientationLandscapeLeft UIInterfaceOrientationLandscapeRight";
				LD_RUNPATH_SEARCH_PATHS = (
					"$(inherited)",
					"@executable_path/Frameworks",
				);
				MARKETING_VERSION = 1.0;
				PRODUCT_BUNDLE_IDENTIFIER = cosc.MyTetris;
				PRODUCT_NAME = "$(TARGET_NAME)";
				SWIFT_EMIT_LOC_STRINGS = YES;
				SWIFT_VERSION = 5.0;
				TARGETED_DEVICE_FAMILY = "1,2";
			};
			name = Release;
		};
/* End XCBuildConfiguration section */

/* Begin XCConfigurationList section */
		3F416F2629E67B7C002E0A5D /* Build configuration list for PBXProject "MyTetris" */ = {
			isa = XCConfigurationList;
			buildConfigurations = (
				3F416F3729E67B7D002E0A5D /* Debug */,
				3F416F3829E67B7D002E0A5D /* Release */,
			);
			defaultConfigurationIsVisible = 0;
			defaultConfigurationName = Release;
		};
		3F416F3929E67B7D002E0A5D /* Build configuration list for PBXNativeTarget "MyTetris" */ = {
			isa = XCConfigurationList;
			buildConfigurations = (
				3F416F3A29E67B7D002E0A5D /* Debug */,
				3F416F3B29E67B7D002E0A5D /* Release */,
			);
			defaultConfigurationIsVisible = 0;
			defaultConfigurationName = Release;
		};
/* End XCConfigurationList section */
	};
	rootObject = 3F416F2329E67B7C002E0A5D /* Project object */;
}
